
Microsoft Visual Studio Solution File, Format Version 12.00
# Visual Studio Version 17
VisualStudioVersion = 17.5.33516.290
MinimumVisualStudioVersion = 10.0.40219.1
Project("{FAE04EC0-301F-11D3-BF4B-00C04F79EFBC}") = "WebAPI_Demo", "WebAPI_Demo\WebAPI_Demo.csproj", "{8A2A986E-B436-4CF6-A648-04ED6E629688}"
EndProject
Global
	GlobalSection(SolutionConfigurationPlatforms) = preSolution
		Debug|Any CPU = Debug|Any CPU
		Release|Any CPU = Release|Any CPU
	EndGlobalSection
	GlobalSection(ProjectConfigurationPlatforms) = postSolution
		{8A2A986E-B436-4CF6-A648-04ED6E629688}.Debug|Any CPU.ActiveCfg = Debug|Any CPU
		{8A2A986E-B436-4CF6-A648-04ED6E629688}.Debug|Any CPU.Build.0 = Debug|Any CPU
		{8A2A986E-B436-4CF6-A648-04ED6E629688}.Release|Any CPU.ActiveCfg = Release|Any CPU
		{8A2A986E-B436-4CF6-A648-04ED6E629688}.Release|Any CPU.Build.0 = Release|Any CPU
	EndGlobalSection
	GlobalSection(SolutionProperties) = preSolution
		HideSolutionNode = FALSE
	EndGlobalSection
	GlobalSection(ExtensibilityGlobals) = postSolution
		SolutionGuid = {6F2878B0-5780-4158-92C0-74ED186F3F85}
	EndGlobalSection
EndGlobal
